
Microsoft Visual Studio Solution File, Format Version 12.00
# Visual Studio Version 17
VisualStudioVersion = 17.13.35825.156 d17.13
MinimumVisualStudioVersion = 10.0.40219.1
Project("{FAE04EC0-301F-11D3-BF4B-00C04F79EFBC}") = "Metodlara qeder umumi tekrar", "Metodlara qeder umumi tekrar\Metodlara qeder umumi tekrar.csproj", "{BA1A7A49-FD48-4542-9836-0DB8FB732672}"
EndProject
Global
	GlobalSection(SolutionConfigurationPlatforms) = preSolution
		Debug|Any CPU = Debug|Any CPU
		Release|Any CPU = Release|Any CPU
	EndGlobalSection
	GlobalSection(ProjectConfigurationPlatforms) = postSolution
		{BA1A7A49-FD48-4542-9836-0DB8FB732672}.Debug|Any CPU.ActiveCfg = Debug|Any CPU
		{BA1A7A49-FD48-4542-9836-0DB8FB732672}.Debug|Any CPU.Build.0 = Debug|Any CPU
		{BA1A7A49-FD48-4542-9836-0DB8FB732672}.Release|Any CPU.ActiveCfg = Release|Any CPU
		{BA1A7A49-FD48-4542-9836-0DB8FB732672}.Release|Any CPU.Build.0 = Release|Any CPU
	EndGlobalSection
	GlobalSection(SolutionProperties) = preSolution
		HideSolutionNode = FALSE
	EndGlobalSection
	GlobalSection(ExtensibilityGlobals) = postSolution
		SolutionGuid = {9E32D3E8-1F5F-42BA-86E5-32B16C396219}
	EndGlobalSection
EndGlobal
